
Microsoft Visual Studio Solution File, Format Version 12.00
# Visual Studio Version 17
VisualStudioVersion = 17.12.35506.116
MinimumVisualStudioVersion = 10.0.40219.1
Project("{FAE04EC0-301F-11D3-BF4B-00C04F79EFBC}") = "UserRegistration2", "UserRegistration2\UserRegistration2.csproj", "{314B3263-0844-45E3-818C-EA3C99C8D1F2}"
EndProject
Project("{FAE04EC0-301F-11D3-BF4B-00C04F79EFBC}") = "LinqToSQLMvcApplication", "LinqToSQLMvcApplication\LinqToSQLMvcApplication.csproj", "{531CDB47-BC3E-4499-A9CB-D88D2D1F5439}"
EndProject
Project("{FAE04EC0-301F-11D3-BF4B-00C04F79EFBC}") = "RegisterLogin", "RegisterLogin\RegisterLogin.csproj", "{E0E8D1F8-AFC9-414C-8DB3-4785EB18DE0A}"
EndProject
Project("{FAE04EC0-301F-11D3-BF4B-00C04F79EFBC}") = "AdventureWorks", "AdventureWorks\AdventureWorks.csproj", "{10160DC4-D4BC-487B-9FD1-BAB60CE59646}"
EndProject
Global
	GlobalSection(SolutionConfigurationPlatforms) = preSolution
		Debug|Any CPU = Debug|Any CPU
		Release|Any CPU = Release|Any CPU
	EndGlobalSection
	GlobalSection(ProjectConfigurationPlatforms) = postSolution
		{314B3263-0844-45E3-818C-EA3C99C8D1F2}.Debug|Any CPU.ActiveCfg = Debug|Any CPU
		{314B3263-0844-45E3-818C-EA3C99C8D1F2}.Debug|Any CPU.Build.0 = Debug|Any CPU
		{314B3263-0844-45E3-818C-EA3C99C8D1F2}.Release|Any CPU.ActiveCfg = Release|Any CPU
		{314B3263-0844-45E3-818C-EA3C99C8D1F2}.Release|Any CPU.Build.0 = Release|Any CPU
		{531CDB47-BC3E-4499-A9CB-D88D2D1F5439}.Debug|Any CPU.ActiveCfg = Debug|Any CPU
		{531CDB47-BC3E-4499-A9CB-D88D2D1F5439}.Debug|Any CPU.Build.0 = Debug|Any CPU
		{531CDB47-BC3E-4499-A9CB-D88D2D1F5439}.Release|Any CPU.ActiveCfg = Release|Any CPU
		{531CDB47-BC3E-4499-A9CB-D88D2D1F5439}.Release|Any CPU.Build.0 = Release|Any CPU
		{E0E8D1F8-AFC9-414C-8DB3-4785EB18DE0A}.Debug|Any CPU.ActiveCfg = Debug|Any CPU
		{E0E8D1F8-AFC9-414C-8DB3-4785EB18DE0A}.Debug|Any CPU.Build.0 = Debug|Any CPU
		{E0E8D1F8-AFC9-414C-8DB3-4785EB18DE0A}.Release|Any CPU.ActiveCfg = Release|Any CPU
		{E0E8D1F8-AFC9-414C-8DB3-4785EB18DE0A}.Release|Any CPU.Build.0 = Release|Any CPU
		{10160DC4-D4BC-487B-9FD1-BAB60CE59646}.Debug|Any CPU.ActiveCfg = Debug|Any CPU
		{10160DC4-D4BC-487B-9FD1-BAB60CE59646}.Debug|Any CPU.Build.0 = Debug|Any CPU
		{10160DC4-D4BC-487B-9FD1-BAB60CE59646}.Release|Any CPU.ActiveCfg = Release|Any CPU
		{10160DC4-D4BC-487B-9FD1-BAB60CE59646}.Release|Any CPU.Build.0 = Release|Any CPU
	EndGlobalSection
	GlobalSection(SolutionProperties) = preSolution
		HideSolutionNode = FALSE
	EndGlobalSection
EndGlobal
